
Microsoft Visual Studio Solution File, Format Version 12.00
# Visual Studio Version 16
VisualStudioVersion = 16.0.29503.13
MinimumVisualStudioVersion = 10.0.40219.1
Project("{8BC9CEB8-8B4A-11D0-8D11-00A0C91BC942}") = "1", "1\1.vcxproj", "{8889BD92-DEC2-4CED-AF74-C06CAE3717FC}"
EndProject
Project("{8BC9CEB8-8B4A-11D0-8D11-00A0C91BC942}") = "2", "2\2.vcxproj", "{DBEFBBC1-5C48-4032-A2A3-4515446ADE0E}"
EndProject
Project("{8BC9CEB8-8B4A-11D0-8D11-00A0C91BC942}") = "3", "3\3.vcxproj", "{02EEE54B-C45B-4405-88B4-99C6A7743870}"
EndProject
Project("{8BC9CEB8-8B4A-11D0-8D11-00A0C91BC942}") = "4", "4\4.vcxproj", "{048A12E4-362E-4FB0-983B-A6E34E4E0664}"
EndProject
Project("{8BC9CEB8-8B4A-11D0-8D11-00A0C91BC942}") = "5", "5\5.vcxproj", "{E62C7FFE-0AFF-4E80-91FB-CB97642A23F4}"
EndProject
Project("{8BC9CEB8-8B4A-11D0-8D11-00A0C91BC942}") = "6", "6\6.vcxproj", "{C2B3B438-BC5D-4C48-87B9-5AF4049050AC}"
EndProject
Project("{8BC9CEB8-8B4A-11D0-8D11-00A0C91BC942}") = "7", "7\7.vcxproj", "{1B4B09DD-6417-445A-AB0F-D1B86512A9AA}"
EndProject
Project("{8BC9CEB8-8B4A-11D0-8D11-00A0C91BC942}") = "8", "8\8.vcxproj", "{997BD76F-D7C9-462C-9322-03ED2A2D172A}"
EndProject
Project("{8BC9CEB8-8B4A-11D0-8D11-00A0C91BC942}") = "9", "9\9.vcxproj", "{A3D9FA15-314B-467F-B62A-A020956C6EE4}"
EndProject
Global
	GlobalSection(SolutionConfigurationPlatforms) = preSolution
		Debug|x64 = Debug|x64
		Debug|x86 = Debug|x86
		Release|x64 = Release|x64
		Release|x86 = Release|x86
	EndGlobalSection
	GlobalSection(ProjectConfigurationPlatforms) = postSolution
		{8889BD92-DEC2-4CED-AF74-C06CAE3717FC}.Debug|x64.ActiveCfg = Debug|x64
		{8889BD92-DEC2-4CED-AF74-C06CAE3717FC}.Debug|x64.Build.0 = Debug|x64
		{8889BD92-DEC2-4CED-AF74-C06CAE3717FC}.Debug|x86.ActiveCfg = Debug|Win32
		{8889BD92-DEC2-4CED-AF74-C06CAE3717FC}.Debug|x86.Build.0 = Debug|Win32
		{8889BD92-DEC2-4CED-AF74-C06CAE3717FC}.Release|x64.ActiveCfg = Release|x64
		{8889BD92-DEC2-4CED-AF74-C06CAE3717FC}.Release|x64.Build.0 = Release|x64
		{8889BD92-DEC2-4CED-AF74-C06CAE3717FC}.Release|x86.ActiveCfg = Release|Win32
		{8889BD92-DEC2-4CED-AF74-C06CAE3717FC}.Release|x86.Build.0 = Release|Win32
		{DBEFBBC1-5C48-4032-A2A3-4515446ADE0E}.Debug|x64.ActiveCfg = Debug|x64
		{DBEFBBC1-5C48-4032-A2A3-4515446ADE0E}.Debug|x64.Build.0 = Debug|x64
		{DBEFBBC1-5C48-4032-A2A3-4515446ADE0E}.Debug|x86.ActiveCfg = Debug|Win32
		{DBEFBBC1-5C48-4032-A2A3-4515446ADE0E}.Debug|x86.Build.0 = Debug|Win32
		{DBEFBBC1-5C48-4032-A2A3-4515446ADE0E}.Release|x64.ActiveCfg = Release|x64
		{DBEFBBC1-5C48-4032-A2A3-4515446ADE0E}.Release|x64.Build.0 = Release|x64
		{DBEFBBC1-5C48-4032-A2A3-4515446ADE0E}.Release|x86.ActiveCfg = Release|Win32
		{DBEFBBC1-5C48-4032-A2A3-4515446ADE0E}.Release|x86.Build.0 = Release|Win32
		{02EEE54B-C45B-4405-88B4-99C6A7743870}.Debug|x64.ActiveCfg = Debug|x64
		{02EEE54B-C45B-4405-88B4-99C6A7743870}.Debug|x64.Build.0 = Debug|x64
		{02EEE54B-C45B-4405-88B4-99C6A7743870}.Debug|x86.ActiveCfg = Debug|Win32
		{02EEE54B-C45B-4405-88B4-99C6A7743870}.Debug|x86.Build.0 = Debug|Win32
		{02EEE54B-C45B-4405-88B4-99C6A7743870}.Release|x64.ActiveCfg = Release|x64
		{02EEE54B-C45B-4405-88B4-99C6A7743870}.Release|x64.Build.0 = Release|x64
		{02EEE54B-C45B-4405-88B4-99C6A7743870}.Release|x86.ActiveCfg = Release|Win32
		{02EEE54B-C45B-4405-88B4-99C6A7743870}.Release|x86.Build.0 = Release|Win32
		{048A12E4-362E-4FB0-983B-A6E34E4E0664}.Debug|x64.ActiveCfg = Debug|x64
		{048A12E4-362E-4FB0-983B-A6E34E4E0664}.Debug|x64.Build.0 = Debug|x64
		{048A12E4-362E-4FB0-983B-A6E34E4E0664}.Debug|x86.ActiveCfg = Debug|Win32
		{048A12E4-362E-4FB0-983B-A6E34E4E0664}.Debug|x86.Build.0 = Debug|Win32
		{048A12E4-362E-4FB0-983B-A6E34E4E0664}.Release|x64.ActiveCfg = Release|x64
		{048A12E4-362E-4FB0-983B-A6E34E4E0664}.Release|x64.Build.0 = Release|x64
		{048A12E4-362E-4FB0-983B-A6E34E4E0664}.Release|x86.ActiveCfg = Release|Win32
		{048A12E4-362E-4FB0-983B-A6E34E4E0664}.Release|x86.Build.0 = Release|Win32
		{E62C7FFE-0AFF-4E80-91FB-CB97642A23F4}.Debug|x64.ActiveCfg = Debug|x64
		{E62C7FFE-0AFF-4E80-91FB-CB97642A23F4}.Debug|x64.Build.0 = Debug|x64
		{E62C7FFE-0AFF-4E80-91FB-CB97642A23F4}.Debug|x86.ActiveCfg = Debug|Win32
		{E62C7FFE-0AFF-4E80-91FB-CB97642A23F4}.Debug|x86.Build.0 = Debug|Win32
		{E62C7FFE-0AFF-4E80-91FB-CB97642A23F4}.Release|x64.ActiveCfg = Release|x64
		{E62C7FFE-0AFF-4E80-91FB-CB97642A23F4}.Release|x64.Build.0 = Release|x64
		{E62C7FFE-0AFF-4E80-91FB-CB97642A23F4}.Release|x86.ActiveCfg = Release|Win32
		{E62C7FFE-0AFF-4E80-91FB-CB97642A23F4}.Release|x86.Build.0 = Release|Win32
		{C2B3B438-BC5D-4C48-87B9-5AF4049050AC}.Debug|x64.ActiveCfg = Debug|x64
		{C2B3B438-BC5D-4C48-87B9-5AF4049050AC}.Debug|x64.Build.0 = Debug|x64
		{C2B3B438-BC5D-4C48-87B9-5AF4049050AC}.Debug|x86.ActiveCfg = Debug|Win32
		{C2B3B438-BC5D-4C48-87B9-5AF4049050AC}.Debug|x86.Build.0 = Debug|Win32
		{C2B3B438-BC5D-4C48-87B9-5AF4049050AC}.Release|x64.ActiveCfg = Release|x64
		{C2B3B438-BC5D-4C48-87B9-5AF4049050AC}.Release|x64.Build.0 = Release|x64
		{C2B3B438-BC5D-4C48-87B9-5AF4049050AC}.Release|x86.ActiveCfg = Release|Win32
		{C2B3B438-BC5D-4C48-87B9-5AF4049050AC}.Release|x86.Build.0 = Release|Win32
		{1B4B09DD-6417-445A-AB0F-D1B86512A9AA}.Debug|x64.ActiveCfg = Debug|x64
		{1B4B09DD-6417-445A-AB0F-D1B86512A9AA}.Debug|x64.Build.0 = Debug|x64
		{1B4B09DD-6417-445A-AB0F-D1B86512A9AA}.Debug|x86.ActiveCfg = Debug|Win32
		{1B4B09DD-6417-445A-AB0F-D1B86512A9AA}.Debug|x86.Build.0 = Debug|Win32
		{1B4B09DD-6417-445A-AB0F-D1B86512A9AA}.Release|x64.ActiveCfg = Release|x64
		{1B4B09DD-6417-445A-AB0F-D1B86512A9AA}.Release|x64.Build.0 = Release|x64
		{1B4B09DD-6417-445A-AB0F-D1B86512A9AA}.Release|x86.ActiveCfg = Release|Win32
		{1B4B09DD-6417-445A-AB0F-D1B86512A9AA}.Release|x86.Build.0 = Release|Win32
		{997BD76F-D7C9-462C-9322-03ED2A2D172A}.Debug|x64.ActiveCfg = Debug|x64
		{997BD76F-D7C9-462C-9322-03ED2A2D172A}.Debug|x64.Build.0 = Debug|x64
		{997BD76F-D7C9-462C-9322-03ED2A2D172A}.Debug|x86.ActiveCfg = Debug|Win32
		{997BD76F-D7C9-462C-9322-03ED2A2D172A}.Debug|x86.Build.0 = Debug|Win32
		{997BD76F-D7C9-462C-9322-03ED2A2D172A}.Release|x64.ActiveCfg = Release|x64
		{997BD76F-D7C9-462C-9322-03ED2A2D172A}.Release|x64.Build.0 = Release|x64
		{997BD76F-D7C9-462C-9322-03ED2A2D172A}.Release|x86.ActiveCfg = Release|Win32
		{997BD76F-D7C9-462C-9322-03ED2A2D172A}.Release|x86.Build.0 = Release|Win32
		{A3D9FA15-314B-467F-B62A-A020956C6EE4}.Debug|x64.ActiveCfg = Debug|x64
		{A3D9FA15-314B-467F-B62A-A020956C6EE4}.Debug|x64.Build.0 = Debug|x64
		{A3D9FA15-314B-467F-B62A-A020956C6EE4}.Debug|x86.ActiveCfg = Debug|Win32
		{A3D9FA15-314B-467F-B62A-A020956C6EE4}.Debug|x86.Build.0 = Debug|Win32
		{A3D9FA15-314B-467F-B62A-A020956C6EE4}.Release|x64.ActiveCfg = Release|x64
		{A3D9FA15-314B-467F-B62A-A020956C6EE4}.Release|x64.Build.0 = Release|x64
		{A3D9FA15-314B-467F-B62A-A020956C6EE4}.Release|x86.ActiveCfg = Release|Win32
		{A3D9FA15-314B-467F-B62A-A020956C6EE4}.Release|x86.Build.0 = Release|Win32
	EndGlobalSection
	GlobalSection(SolutionProperties) = preSolution
		HideSolutionNode = FALSE
	EndGlobalSection
	GlobalSection(ExtensibilityGlobals) = postSolution
		SolutionGuid = {7B216E9F-2422-42B0-8810-3848F3E20A1A}
	EndGlobalSection
EndGlobal
